
Microsoft Visual Studio Solution File, Format Version 12.00
# Visual Studio Version 17
VisualStudioVersion = 17.12.35707.178
MinimumVisualStudioVersion = 10.0.40219.1
Project("{2150E333-8FDC-42A3-9474-1A3956D46DE8}") = "Lesson_02", "Lesson_02", "{3FCAACF5-456C-4557-9CDA-368A873A5735}"
EndProject
Project("{2150E333-8FDC-42A3-9474-1A3956D46DE8}") = "Lesson_03", "Lesson_03", "{2E097DD9-4222-4914-B1DD-DE58E75E3E25}"
EndProject
Project("{FAE04EC0-301F-11D3-BF4B-00C04F79EFBC}") = "Task_03_09", "Task_03_09\Task_03_09.csproj", "{D7F1D385-3CD5-4433-BFE3-F1D03602CC96}"
EndProject
Project("{FAE04EC0-301F-11D3-BF4B-00C04F79EFBC}") = "Task_03_07", "Task_03_07\Task_03_07.csproj", "{B7D85E8F-E025-45BA-A57A-413151F77763}"
EndProject
Project("{FAE04EC0-301F-11D3-BF4B-00C04F79EFBC}") = "Task_02_04", "Task_02_04\Task_02_04.csproj", "{65CB6896-60DD-4BAD-BD7C-10D70AECA010}"
EndProject
Project("{FAE04EC0-301F-11D3-BF4B-00C04F79EFBC}") = "Task_03_04", "Task_03_04\Task_03_04.csproj", "{F4363E6C-4BA7-4748-8C25-CB30D6283EF8}"
EndProject
Project("{FAE04EC0-301F-11D3-BF4B-00C04F79EFBC}") = "Text_02_02", "Task_02_02\Text_02_02.csproj", "{F96F138F-DB59-4334-B8DF-9B2B4E316204}"
EndProject
Project("{FAE04EC0-301F-11D3-BF4B-00C04F79EFBC}") = "Task_03_05", "Task_03_05\Task_03_05.csproj", "{0A1C174E-BB0E-47EF-8A6C-76A5C0624E3B}"
EndProject
Project("{FAE04EC0-301F-11D3-BF4B-00C04F79EFBC}") = "Task_03_06", "Task_03_06\Task_03_06.csproj", "{5DAFCF1A-047D-41FF-BDCE-849CB072CB0D}"
EndProject
Project("{FAE04EC0-301F-11D3-BF4B-00C04F79EFBC}") = "Task_03_08", "Task_03_08\Task_03_08.csproj", "{1404D5AE-C882-45ED-9A72-17A8C78BAC5D}"
EndProject
Global
	GlobalSection(SolutionConfigurationPlatforms) = preSolution
		Debug|Any CPU = Debug|Any CPU
		Release|Any CPU = Release|Any CPU
	EndGlobalSection
	GlobalSection(ProjectConfigurationPlatforms) = postSolution
		{D7F1D385-3CD5-4433-BFE3-F1D03602CC96}.Debug|Any CPU.ActiveCfg = Debug|Any CPU
		{D7F1D385-3CD5-4433-BFE3-F1D03602CC96}.Debug|Any CPU.Build.0 = Debug|Any CPU
		{D7F1D385-3CD5-4433-BFE3-F1D03602CC96}.Release|Any CPU.ActiveCfg = Release|Any CPU
		{D7F1D385-3CD5-4433-BFE3-F1D03602CC96}.Release|Any CPU.Build.0 = Release|Any CPU
		{B7D85E8F-E025-45BA-A57A-413151F77763}.Debug|Any CPU.ActiveCfg = Debug|Any CPU
		{B7D85E8F-E025-45BA-A57A-413151F77763}.Debug|Any CPU.Build.0 = Debug|Any CPU
		{B7D85E8F-E025-45BA-A57A-413151F77763}.Release|Any CPU.ActiveCfg = Release|Any CPU
		{B7D85E8F-E025-45BA-A57A-413151F77763}.Release|Any CPU.Build.0 = Release|Any CPU
		{65CB6896-60DD-4BAD-BD7C-10D70AECA010}.Debug|Any CPU.ActiveCfg = Debug|Any CPU
		{65CB6896-60DD-4BAD-BD7C-10D70AECA010}.Debug|Any CPU.Build.0 = Debug|Any CPU
		{65CB6896-60DD-4BAD-BD7C-10D70AECA010}.Release|Any CPU.ActiveCfg = Release|Any CPU
		{65CB6896-60DD-4BAD-BD7C-10D70AECA010}.Release|Any CPU.Build.0 = Release|Any CPU
		{F4363E6C-4BA7-4748-8C25-CB30D6283EF8}.Debug|Any CPU.ActiveCfg = Debug|Any CPU
		{F4363E6C-4BA7-4748-8C25-CB30D6283EF8}.Debug|Any CPU.Build.0 = Debug|Any CPU
		{F4363E6C-4BA7-4748-8C25-CB30D6283EF8}.Release|Any CPU.ActiveCfg = Release|Any CPU
		{F4363E6C-4BA7-4748-8C25-CB30D6283EF8}.Release|Any CPU.Build.0 = Release|Any CPU
		{F96F138F-DB59-4334-B8DF-9B2B4E316204}.Debug|Any CPU.ActiveCfg = Debug|Any CPU
		{F96F138F-DB59-4334-B8DF-9B2B4E316204}.Debug|Any CPU.Build.0 = Debug|Any CPU
		{F96F138F-DB59-4334-B8DF-9B2B4E316204}.Release|Any CPU.ActiveCfg = Release|Any CPU
		{F96F138F-DB59-4334-B8DF-9B2B4E316204}.Release|Any CPU.Build.0 = Release|Any CPU
		{0A1C174E-BB0E-47EF-8A6C-76A5C0624E3B}.Debug|Any CPU.ActiveCfg = Debug|Any CPU
		{0A1C174E-BB0E-47EF-8A6C-76A5C0624E3B}.Debug|Any CPU.Build.0 = Debug|Any CPU
		{0A1C174E-BB0E-47EF-8A6C-76A5C0624E3B}.Release|Any CPU.ActiveCfg = Release|Any CPU
		{0A1C174E-BB0E-47EF-8A6C-76A5C0624E3B}.Release|Any CPU.Build.0 = Release|Any CPU
		{5DAFCF1A-047D-41FF-BDCE-849CB072CB0D}.Debug|Any CPU.ActiveCfg = Debug|Any CPU
		{5DAFCF1A-047D-41FF-BDCE-849CB072CB0D}.Debug|Any CPU.Build.0 = Debug|Any CPU
		{5DAFCF1A-047D-41FF-BDCE-849CB072CB0D}.Release|Any CPU.ActiveCfg = Release|Any CPU
		{5DAFCF1A-047D-41FF-BDCE-849CB072CB0D}.Release|Any CPU.Build.0 = Release|Any CPU
		{1404D5AE-C882-45ED-9A72-17A8C78BAC5D}.Debug|Any CPU.ActiveCfg = Debug|Any CPU
		{1404D5AE-C882-45ED-9A72-17A8C78BAC5D}.Debug|Any CPU.Build.0 = Debug|Any CPU
		{1404D5AE-C882-45ED-9A72-17A8C78BAC5D}.Release|Any CPU.ActiveCfg = Release|Any CPU
		{1404D5AE-C882-45ED-9A72-17A8C78BAC5D}.Release|Any CPU.Build.0 = Release|Any CPU
	EndGlobalSection
	GlobalSection(SolutionProperties) = preSolution
		HideSolutionNode = FALSE
	EndGlobalSection
	GlobalSection(NestedProjects) = preSolution
		{D7F1D385-3CD5-4433-BFE3-F1D03602CC96} = {2E097DD9-4222-4914-B1DD-DE58E75E3E25}
		{B7D85E8F-E025-45BA-A57A-413151F77763} = {2E097DD9-4222-4914-B1DD-DE58E75E3E25}
		{65CB6896-60DD-4BAD-BD7C-10D70AECA010} = {3FCAACF5-456C-4557-9CDA-368A873A5735}
		{F4363E6C-4BA7-4748-8C25-CB30D6283EF8} = {2E097DD9-4222-4914-B1DD-DE58E75E3E25}
		{F96F138F-DB59-4334-B8DF-9B2B4E316204} = {3FCAACF5-456C-4557-9CDA-368A873A5735}
		{0A1C174E-BB0E-47EF-8A6C-76A5C0624E3B} = {2E097DD9-4222-4914-B1DD-DE58E75E3E25}
		{5DAFCF1A-047D-41FF-BDCE-849CB072CB0D} = {2E097DD9-4222-4914-B1DD-DE58E75E3E25}
		{1404D5AE-C882-45ED-9A72-17A8C78BAC5D} = {2E097DD9-4222-4914-B1DD-DE58E75E3E25}
	EndGlobalSection
EndGlobal
