
Microsoft Visual Studio Solution File, Format Version 12.00
# Visual Studio Version 17
VisualStudioVersion = 17.12.35707.178
MinimumVisualStudioVersion = 10.0.40219.1
Project("{2150E333-8FDC-42A3-9474-1A3956D46DE8}") = "Lesson_02", "Lesson_02", "{3FCAACF5-456C-4557-9CDA-368A873A5735}"
EndProject
Project("{FAE04EC0-301F-11D3-BF4B-00C04F79EFBC}") = "Text_02_02", "Text_02_02\Text_02_02.csproj", "{1082F5AD-7226-497F-B001-35A200B247DF}"
EndProject
Project("{FAE04EC0-301F-11D3-BF4B-00C04F79EFBC}") = "Task4_2", "Task4_2\Task4_2.csproj", "{0D8AECC1-B45F-4D3D-82A9-EE3ADB36C556}"
EndProject
Project("{2150E333-8FDC-42A3-9474-1A3956D46DE8}") = "Lesson_03", "Lesson_03", "{2E097DD9-4222-4914-B1DD-DE58E75E3E25}"
EndProject
Project("{FAE04EC0-301F-11D3-BF4B-00C04F79EFBC}") = "Task_04_03", "Task_04_03\Task_04_03.csproj", "{DBC7FB2F-99D8-41AA-A43A-E8BD268E1BBB}"
EndProject
Project("{FAE04EC0-301F-11D3-BF4B-00C04F79EFBC}") = "Task_05_03", "Task_05_03\Task_05_03.csproj", "{8B9E5432-DDC0-4806-A3A7-9FB4764DF0BD}"
EndProject
Project("{FAE04EC0-301F-11D3-BF4B-00C04F79EFBC}") = "Task_06_03", "Task_06_03\Task_06_03.csproj", "{87B42440-8F75-4CDC-9C37-CF7998BE866C}"
EndProject
Global
	GlobalSection(SolutionConfigurationPlatforms) = preSolution
		Debug|Any CPU = Debug|Any CPU
		Release|Any CPU = Release|Any CPU
	EndGlobalSection
	GlobalSection(ProjectConfigurationPlatforms) = postSolution
		{1082F5AD-7226-497F-B001-35A200B247DF}.Debug|Any CPU.ActiveCfg = Debug|Any CPU
		{1082F5AD-7226-497F-B001-35A200B247DF}.Debug|Any CPU.Build.0 = Debug|Any CPU
		{1082F5AD-7226-497F-B001-35A200B247DF}.Release|Any CPU.ActiveCfg = Release|Any CPU
		{1082F5AD-7226-497F-B001-35A200B247DF}.Release|Any CPU.Build.0 = Release|Any CPU
		{0D8AECC1-B45F-4D3D-82A9-EE3ADB36C556}.Debug|Any CPU.ActiveCfg = Debug|Any CPU
		{0D8AECC1-B45F-4D3D-82A9-EE3ADB36C556}.Debug|Any CPU.Build.0 = Debug|Any CPU
		{0D8AECC1-B45F-4D3D-82A9-EE3ADB36C556}.Release|Any CPU.ActiveCfg = Release|Any CPU
		{0D8AECC1-B45F-4D3D-82A9-EE3ADB36C556}.Release|Any CPU.Build.0 = Release|Any CPU
		{DBC7FB2F-99D8-41AA-A43A-E8BD268E1BBB}.Debug|Any CPU.ActiveCfg = Debug|Any CPU
		{DBC7FB2F-99D8-41AA-A43A-E8BD268E1BBB}.Debug|Any CPU.Build.0 = Debug|Any CPU
		{DBC7FB2F-99D8-41AA-A43A-E8BD268E1BBB}.Release|Any CPU.ActiveCfg = Release|Any CPU
		{DBC7FB2F-99D8-41AA-A43A-E8BD268E1BBB}.Release|Any CPU.Build.0 = Release|Any CPU
		{8B9E5432-DDC0-4806-A3A7-9FB4764DF0BD}.Debug|Any CPU.ActiveCfg = Debug|Any CPU
		{8B9E5432-DDC0-4806-A3A7-9FB4764DF0BD}.Debug|Any CPU.Build.0 = Debug|Any CPU
		{8B9E5432-DDC0-4806-A3A7-9FB4764DF0BD}.Release|Any CPU.ActiveCfg = Release|Any CPU
		{8B9E5432-DDC0-4806-A3A7-9FB4764DF0BD}.Release|Any CPU.Build.0 = Release|Any CPU
		{87B42440-8F75-4CDC-9C37-CF7998BE866C}.Debug|Any CPU.ActiveCfg = Debug|Any CPU
		{87B42440-8F75-4CDC-9C37-CF7998BE866C}.Debug|Any CPU.Build.0 = Debug|Any CPU
		{87B42440-8F75-4CDC-9C37-CF7998BE866C}.Release|Any CPU.ActiveCfg = Release|Any CPU
		{87B42440-8F75-4CDC-9C37-CF7998BE866C}.Release|Any CPU.Build.0 = Release|Any CPU
	EndGlobalSection
	GlobalSection(SolutionProperties) = preSolution
		HideSolutionNode = FALSE
	EndGlobalSection
	GlobalSection(NestedProjects) = preSolution
		{1082F5AD-7226-497F-B001-35A200B247DF} = {3FCAACF5-456C-4557-9CDA-368A873A5735}
		{0D8AECC1-B45F-4D3D-82A9-EE3ADB36C556} = {3FCAACF5-456C-4557-9CDA-368A873A5735}
		{DBC7FB2F-99D8-41AA-A43A-E8BD268E1BBB} = {2E097DD9-4222-4914-B1DD-DE58E75E3E25}
		{8B9E5432-DDC0-4806-A3A7-9FB4764DF0BD} = {2E097DD9-4222-4914-B1DD-DE58E75E3E25}
		{87B42440-8F75-4CDC-9C37-CF7998BE866C} = {2E097DD9-4222-4914-B1DD-DE58E75E3E25}
	EndGlobalSection
EndGlobal
