
Microsoft Visual Studio Solution File, Format Version 12.00
# Visual Studio Version 17
VisualStudioVersion = 17.12.35707.178
MinimumVisualStudioVersion = 10.0.40219.1
Project("{2150E333-8FDC-42A3-9474-1A3956D46DE8}") = "Lesson_02", "Lesson_02", "{3FCAACF5-456C-4557-9CDA-368A873A5735}"
EndProject
Project("{2150E333-8FDC-42A3-9474-1A3956D46DE8}") = "Lesson_03", "Lesson_03", "{2E097DD9-4222-4914-B1DD-DE58E75E3E25}"
EndProject
Project("{FAE04EC0-301F-11D3-BF4B-00C04F79EFBC}") = "Task_03_09", "Task_03_09\Task_03_09.csproj", "{D7F1D385-3CD5-4433-BFE3-F1D03602CC96}"
EndProject
Project("{FAE04EC0-301F-11D3-BF4B-00C04F79EFBC}") = "Task_03_07", "Task_03_07\Task_03_07.csproj", "{B7D85E8F-E025-45BA-A57A-413151F77763}"
EndProject
Project("{FAE04EC0-301F-11D3-BF4B-00C04F79EFBC}") = "Task_02_04", "Task_02_04\Task_02_04.csproj", "{65CB6896-60DD-4BAD-BD7C-10D70AECA010}"
EndProject
Project("{FAE04EC0-301F-11D3-BF4B-00C04F79EFBC}") = "Task_03_04", "Task_03_04\Task_03_04.csproj", "{F4363E6C-4BA7-4748-8C25-CB30D6283EF8}"
EndProject
Project("{FAE04EC0-301F-11D3-BF4B-00C04F79EFBC}") = "Text_02_02", "Task_02_02\Text_02_02.csproj", "{F96F138F-DB59-4334-B8DF-9B2B4E316204}"
EndProject
Project("{FAE04EC0-301F-11D3-BF4B-00C04F79EFBC}") = "Task_03_05", "Task_03_05\Task_03_05.csproj", "{0A1C174E-BB0E-47EF-8A6C-76A5C0624E3B}"
EndProject
Project("{FAE04EC0-301F-11D3-BF4B-00C04F79EFBC}") = "Task_03_06", "Task_03_06\Task_03_06.csproj", "{5DAFCF1A-047D-41FF-BDCE-849CB072CB0D}"
EndProject
Project("{FAE04EC0-301F-11D3-BF4B-00C04F79EFBC}") = "Task_03_08", "Task_03_08\Task_03_08.csproj", "{1404D5AE-C882-45ED-9A72-17A8C78BAC5D}"
EndProject
Project("{2150E333-8FDC-42A3-9474-1A3956D46DE8}") = "Lesson_04", "Lesson_04", "{594A99DE-E54F-42B6-B089-695315CC4104}"
EndProject
Project("{FAE04EC0-301F-11D3-BF4B-00C04F79EFBC}") = "Task_04_05", "Task_04_05\Task_04_05.csproj", "{3322DD3B-EBA2-413D-B861-661AB7F33336}"
EndProject
Project("{FAE04EC0-301F-11D3-BF4B-00C04F79EFBC}") = "Task_04_07", "Task_04_07\Task_04_07.csproj", "{9FB50366-B8C3-4934-8E83-732EBC65E361}"
EndProject
Project("{FAE04EC0-301F-11D3-BF4B-00C04F79EFBC}") = "Task_04_08", "Task_04_08\Task_04_08.csproj", "{4B81034B-FD19-4245-8B1A-C9F561BF64F0}"
EndProject
Project("{FAE04EC0-301F-11D3-BF4B-00C04F79EFBC}") = "Task_04_09", "Task_04_09\Task_04_09.csproj", "{3E75F382-66B6-4FED-A35D-54654103325B}"
EndProject
Project("{FAE04EC0-301F-11D3-BF4B-00C04F79EFBC}") = "Task_04_10", "Task_04_10\Task_04_10.csproj", "{F9002F0E-7EF6-4B4B-AF16-D4C9A1BBA1CC}"
EndProject
Project("{2150E333-8FDC-42A3-9474-1A3956D46DE8}") = "Lesson_05", "Lesson_05", "{053689B4-E99B-47AC-BDFB-279F2B724EC5}"
EndProject
Project("{FAE04EC0-301F-11D3-BF4B-00C04F79EFBC}") = "Task_05_03", "Task_05_03\Task_05_03.csproj", "{E6B97F3D-1317-4166-AB99-6F5CFFAABB94}"
EndProject
Project("{FAE04EC0-301F-11D3-BF4B-00C04F79EFBC}") = "Task_05_04", "Task_05_04\Task_05_04.csproj", "{803B74BB-AD93-41B0-A9BF-60A02CD1428D}"
EndProject
Project("{FAE04EC0-301F-11D3-BF4B-00C04F79EFBC}") = "Task_05_05", "Task_05_05\Task_05_05.csproj", "{0CE65C2B-7D63-4602-AD02-F7005181AA87}"
EndProject
Project("{FAE04EC0-301F-11D3-BF4B-00C04F79EFBC}") = "Task_05_06", "Task_05_06\Task_05_06.csproj", "{8EA497A3-1511-4AE3-880A-661FDF118DC7}"
EndProject
Project("{FAE04EC0-301F-11D3-BF4B-00C04F79EFBC}") = "Task_05_07", "Task_05_07\Task_05_07.csproj", "{F9D58B2F-E44C-4EE6-BFCE-64A143736B93}"
EndProject
Project("{FAE04EC0-301F-11D3-BF4B-00C04F79EFBC}") = "Task_04_06", "Task_04_06\Task_04_06.csproj", "{1226F06D-0A4C-455D-AA8B-5D7BE9C162A7}"
EndProject
Project("{FAE04EC0-301F-11D3-BF4B-00C04F79EFBC}") = "Task_05_08", "Task_05_08\Task_05_08.csproj", "{EA43AF02-6BDA-4ED4-B729-FA5664A81660}"
EndProject
Project("{FAE04EC0-301F-11D3-BF4B-00C04F79EFBC}") = "Task_05_09", "Task_05_09\Task_05_09.csproj", "{D44FAE1E-1C65-479A-9E0E-D4B9D88801BF}"
EndProject
Project("{2150E333-8FDC-42A3-9474-1A3956D46DE8}") = "Lesson_10", "Lesson_10", "{C9623924-CC21-417D-9EA0-2B4ED3CB50E9}"
EndProject
Project("{FAE04EC0-301F-11D3-BF4B-00C04F79EFBC}") = "Task_10_06", "Task_10_06\Task_10_06.csproj", "{0F5C1520-9DA3-488C-A36D-28312B32A6E9}"
EndProject
Project("{FAE04EC0-301F-11D3-BF4B-00C04F79EFBC}") = "Task_10_07", "Task_10_07\Task_10_07.csproj", "{ADD8912F-663D-4FB6-9096-7068A23CFFFC}"
EndProject
Project("{FAE04EC0-301F-11D3-BF4B-00C04F79EFBC}") = "Task_10_08", "Task_10_08\Task_10_08.csproj", "{F63A1F0A-6CC9-4910-B5D8-0DBED2571162}"
EndProject
Project("{2150E333-8FDC-42A3-9474-1A3956D46DE8}") = "Lesson_11", "Lesson_11", "{D5F14CF7-D505-4FDE-8259-25321ECAAB41}"
EndProject
Project("{FAE04EC0-301F-11D3-BF4B-00C04F79EFBC}") = "Task_11_01", "Task_11_01\Task_11_01.csproj", "{330C5F51-5D20-435A-9D45-7DA0502866FE}"
EndProject
Project("{FAE04EC0-301F-11D3-BF4B-00C04F79EFBC}") = "Task_11_02", "Task_11_02\Task_11_02.csproj", "{2B1849DB-A571-4846-9F80-41D73D93ABF7}"
EndProject
Project("{FAE04EC0-301F-11D3-BF4B-00C04F79EFBC}") = "Task_11_03", "Task_11_03\Task_11_03.csproj", "{C4444391-9BD1-4147-98E5-7F69935565CA}"
EndProject
Project("{FAE04EC0-301F-11D3-BF4B-00C04F79EFBC}") = "Task_11_04", "Task_11_04\Task_11_04.csproj", "{5B2A518C-0237-44D1-BD60-6EAC5EDE0EAE}"
EndProject
Project("{FAE04EC0-301F-11D3-BF4B-00C04F79EFBC}") = "Task_11_05", "Task_11_05\Task_11_05.csproj", "{2A8B0C1B-976A-4E87-BF00-4860C36D6C11}"
EndProject
Project("{FAE04EC0-301F-11D3-BF4B-00C04F79EFBC}") = "Task_11_06", "Task_11_06\Task_11_06.csproj", "{1C650088-2CFA-40AA-862C-CC2460E1FB5F}"
EndProject
Project("{FAE04EC0-301F-11D3-BF4B-00C04F79EFBC}") = "Task_11_07", "Task_11_07\Task_11_07.csproj", "{003EE5FA-265A-4202-ABF5-243F4421AF55}"
EndProject
Project("{FAE04EC0-301F-11D3-BF4B-00C04F79EFBC}") = "Task_11_08", "Task_11_08\Task_11_08.csproj", "{541FA1A9-3C1B-4C72-9405-E058F7E2AB40}"
EndProject
Project("{2150E333-8FDC-42A3-9474-1A3956D46DE8}") = "Lesson_12", "Lesson_12", "{6316ED22-2480-4A5A-BB5A-D3F9224C5A64}"
EndProject
Project("{FAE04EC0-301F-11D3-BF4B-00C04F79EFBC}") = "Task_12_01", "..\..\..\Desktop\опр\Task_12_01\Task_12_01.csproj", "{F131E3B6-D053-4864-9930-CFD4598E4813}"
EndProject
Global
	GlobalSection(SolutionConfigurationPlatforms) = preSolution
		Debug|Any CPU = Debug|Any CPU
		Release|Any CPU = Release|Any CPU
	EndGlobalSection
	GlobalSection(ProjectConfigurationPlatforms) = postSolution
		{D7F1D385-3CD5-4433-BFE3-F1D03602CC96}.Debug|Any CPU.ActiveCfg = Debug|Any CPU
		{D7F1D385-3CD5-4433-BFE3-F1D03602CC96}.Debug|Any CPU.Build.0 = Debug|Any CPU
		{D7F1D385-3CD5-4433-BFE3-F1D03602CC96}.Release|Any CPU.ActiveCfg = Release|Any CPU
		{D7F1D385-3CD5-4433-BFE3-F1D03602CC96}.Release|Any CPU.Build.0 = Release|Any CPU
		{B7D85E8F-E025-45BA-A57A-413151F77763}.Debug|Any CPU.ActiveCfg = Debug|Any CPU
		{B7D85E8F-E025-45BA-A57A-413151F77763}.Debug|Any CPU.Build.0 = Debug|Any CPU
		{B7D85E8F-E025-45BA-A57A-413151F77763}.Release|Any CPU.ActiveCfg = Release|Any CPU
		{B7D85E8F-E025-45BA-A57A-413151F77763}.Release|Any CPU.Build.0 = Release|Any CPU
		{65CB6896-60DD-4BAD-BD7C-10D70AECA010}.Debug|Any CPU.ActiveCfg = Debug|Any CPU
		{65CB6896-60DD-4BAD-BD7C-10D70AECA010}.Debug|Any CPU.Build.0 = Debug|Any CPU
		{65CB6896-60DD-4BAD-BD7C-10D70AECA010}.Release|Any CPU.ActiveCfg = Release|Any CPU
		{65CB6896-60DD-4BAD-BD7C-10D70AECA010}.Release|Any CPU.Build.0 = Release|Any CPU
		{F4363E6C-4BA7-4748-8C25-CB30D6283EF8}.Debug|Any CPU.ActiveCfg = Debug|Any CPU
		{F4363E6C-4BA7-4748-8C25-CB30D6283EF8}.Debug|Any CPU.Build.0 = Debug|Any CPU
		{F4363E6C-4BA7-4748-8C25-CB30D6283EF8}.Release|Any CPU.ActiveCfg = Release|Any CPU
		{F4363E6C-4BA7-4748-8C25-CB30D6283EF8}.Release|Any CPU.Build.0 = Release|Any CPU
		{F96F138F-DB59-4334-B8DF-9B2B4E316204}.Debug|Any CPU.ActiveCfg = Debug|Any CPU
		{F96F138F-DB59-4334-B8DF-9B2B4E316204}.Debug|Any CPU.Build.0 = Debug|Any CPU
		{F96F138F-DB59-4334-B8DF-9B2B4E316204}.Release|Any CPU.ActiveCfg = Release|Any CPU
		{F96F138F-DB59-4334-B8DF-9B2B4E316204}.Release|Any CPU.Build.0 = Release|Any CPU
		{0A1C174E-BB0E-47EF-8A6C-76A5C0624E3B}.Debug|Any CPU.ActiveCfg = Debug|Any CPU
		{0A1C174E-BB0E-47EF-8A6C-76A5C0624E3B}.Debug|Any CPU.Build.0 = Debug|Any CPU
		{0A1C174E-BB0E-47EF-8A6C-76A5C0624E3B}.Release|Any CPU.ActiveCfg = Release|Any CPU
		{0A1C174E-BB0E-47EF-8A6C-76A5C0624E3B}.Release|Any CPU.Build.0 = Release|Any CPU
		{5DAFCF1A-047D-41FF-BDCE-849CB072CB0D}.Debug|Any CPU.ActiveCfg = Debug|Any CPU
		{5DAFCF1A-047D-41FF-BDCE-849CB072CB0D}.Debug|Any CPU.Build.0 = Debug|Any CPU
		{5DAFCF1A-047D-41FF-BDCE-849CB072CB0D}.Release|Any CPU.ActiveCfg = Release|Any CPU
		{5DAFCF1A-047D-41FF-BDCE-849CB072CB0D}.Release|Any CPU.Build.0 = Release|Any CPU
		{1404D5AE-C882-45ED-9A72-17A8C78BAC5D}.Debug|Any CPU.ActiveCfg = Debug|Any CPU
		{1404D5AE-C882-45ED-9A72-17A8C78BAC5D}.Debug|Any CPU.Build.0 = Debug|Any CPU
		{1404D5AE-C882-45ED-9A72-17A8C78BAC5D}.Release|Any CPU.ActiveCfg = Release|Any CPU
		{1404D5AE-C882-45ED-9A72-17A8C78BAC5D}.Release|Any CPU.Build.0 = Release|Any CPU
		{3322DD3B-EBA2-413D-B861-661AB7F33336}.Debug|Any CPU.ActiveCfg = Debug|Any CPU
		{3322DD3B-EBA2-413D-B861-661AB7F33336}.Debug|Any CPU.Build.0 = Debug|Any CPU
		{3322DD3B-EBA2-413D-B861-661AB7F33336}.Release|Any CPU.ActiveCfg = Release|Any CPU
		{3322DD3B-EBA2-413D-B861-661AB7F33336}.Release|Any CPU.Build.0 = Release|Any CPU
		{9FB50366-B8C3-4934-8E83-732EBC65E361}.Debug|Any CPU.ActiveCfg = Debug|Any CPU
		{9FB50366-B8C3-4934-8E83-732EBC65E361}.Debug|Any CPU.Build.0 = Debug|Any CPU
		{9FB50366-B8C3-4934-8E83-732EBC65E361}.Release|Any CPU.ActiveCfg = Release|Any CPU
		{9FB50366-B8C3-4934-8E83-732EBC65E361}.Release|Any CPU.Build.0 = Release|Any CPU
		{4B81034B-FD19-4245-8B1A-C9F561BF64F0}.Debug|Any CPU.ActiveCfg = Debug|Any CPU
		{4B81034B-FD19-4245-8B1A-C9F561BF64F0}.Debug|Any CPU.Build.0 = Debug|Any CPU
		{4B81034B-FD19-4245-8B1A-C9F561BF64F0}.Release|Any CPU.ActiveCfg = Release|Any CPU
		{4B81034B-FD19-4245-8B1A-C9F561BF64F0}.Release|Any CPU.Build.0 = Release|Any CPU
		{3E75F382-66B6-4FED-A35D-54654103325B}.Debug|Any CPU.ActiveCfg = Debug|Any CPU
		{3E75F382-66B6-4FED-A35D-54654103325B}.Debug|Any CPU.Build.0 = Debug|Any CPU
		{3E75F382-66B6-4FED-A35D-54654103325B}.Release|Any CPU.ActiveCfg = Release|Any CPU
		{3E75F382-66B6-4FED-A35D-54654103325B}.Release|Any CPU.Build.0 = Release|Any CPU
		{F9002F0E-7EF6-4B4B-AF16-D4C9A1BBA1CC}.Debug|Any CPU.ActiveCfg = Debug|Any CPU
		{F9002F0E-7EF6-4B4B-AF16-D4C9A1BBA1CC}.Debug|Any CPU.Build.0 = Debug|Any CPU
		{F9002F0E-7EF6-4B4B-AF16-D4C9A1BBA1CC}.Release|Any CPU.ActiveCfg = Release|Any CPU
		{F9002F0E-7EF6-4B4B-AF16-D4C9A1BBA1CC}.Release|Any CPU.Build.0 = Release|Any CPU
		{E6B97F3D-1317-4166-AB99-6F5CFFAABB94}.Debug|Any CPU.ActiveCfg = Debug|Any CPU
		{E6B97F3D-1317-4166-AB99-6F5CFFAABB94}.Debug|Any CPU.Build.0 = Debug|Any CPU
		{E6B97F3D-1317-4166-AB99-6F5CFFAABB94}.Release|Any CPU.ActiveCfg = Release|Any CPU
		{E6B97F3D-1317-4166-AB99-6F5CFFAABB94}.Release|Any CPU.Build.0 = Release|Any CPU
		{803B74BB-AD93-41B0-A9BF-60A02CD1428D}.Debug|Any CPU.ActiveCfg = Debug|Any CPU
		{803B74BB-AD93-41B0-A9BF-60A02CD1428D}.Debug|Any CPU.Build.0 = Debug|Any CPU
		{803B74BB-AD93-41B0-A9BF-60A02CD1428D}.Release|Any CPU.ActiveCfg = Release|Any CPU
		{803B74BB-AD93-41B0-A9BF-60A02CD1428D}.Release|Any CPU.Build.0 = Release|Any CPU
		{0CE65C2B-7D63-4602-AD02-F7005181AA87}.Debug|Any CPU.ActiveCfg = Debug|Any CPU
		{0CE65C2B-7D63-4602-AD02-F7005181AA87}.Debug|Any CPU.Build.0 = Debug|Any CPU
		{0CE65C2B-7D63-4602-AD02-F7005181AA87}.Release|Any CPU.ActiveCfg = Release|Any CPU
		{0CE65C2B-7D63-4602-AD02-F7005181AA87}.Release|Any CPU.Build.0 = Release|Any CPU
		{8EA497A3-1511-4AE3-880A-661FDF118DC7}.Debug|Any CPU.ActiveCfg = Debug|Any CPU
		{8EA497A3-1511-4AE3-880A-661FDF118DC7}.Debug|Any CPU.Build.0 = Debug|Any CPU
		{8EA497A3-1511-4AE3-880A-661FDF118DC7}.Release|Any CPU.ActiveCfg = Release|Any CPU
		{8EA497A3-1511-4AE3-880A-661FDF118DC7}.Release|Any CPU.Build.0 = Release|Any CPU
		{F9D58B2F-E44C-4EE6-BFCE-64A143736B93}.Debug|Any CPU.ActiveCfg = Debug|Any CPU
		{F9D58B2F-E44C-4EE6-BFCE-64A143736B93}.Debug|Any CPU.Build.0 = Debug|Any CPU
		{F9D58B2F-E44C-4EE6-BFCE-64A143736B93}.Release|Any CPU.ActiveCfg = Release|Any CPU
		{F9D58B2F-E44C-4EE6-BFCE-64A143736B93}.Release|Any CPU.Build.0 = Release|Any CPU
		{1226F06D-0A4C-455D-AA8B-5D7BE9C162A7}.Debug|Any CPU.ActiveCfg = Debug|Any CPU
		{1226F06D-0A4C-455D-AA8B-5D7BE9C162A7}.Debug|Any CPU.Build.0 = Debug|Any CPU
		{1226F06D-0A4C-455D-AA8B-5D7BE9C162A7}.Release|Any CPU.ActiveCfg = Release|Any CPU
		{1226F06D-0A4C-455D-AA8B-5D7BE9C162A7}.Release|Any CPU.Build.0 = Release|Any CPU
		{EA43AF02-6BDA-4ED4-B729-FA5664A81660}.Debug|Any CPU.ActiveCfg = Debug|Any CPU
		{EA43AF02-6BDA-4ED4-B729-FA5664A81660}.Debug|Any CPU.Build.0 = Debug|Any CPU
		{EA43AF02-6BDA-4ED4-B729-FA5664A81660}.Release|Any CPU.ActiveCfg = Release|Any CPU
		{EA43AF02-6BDA-4ED4-B729-FA5664A81660}.Release|Any CPU.Build.0 = Release|Any CPU
		{D44FAE1E-1C65-479A-9E0E-D4B9D88801BF}.Debug|Any CPU.ActiveCfg = Debug|Any CPU
		{D44FAE1E-1C65-479A-9E0E-D4B9D88801BF}.Debug|Any CPU.Build.0 = Debug|Any CPU
		{D44FAE1E-1C65-479A-9E0E-D4B9D88801BF}.Release|Any CPU.ActiveCfg = Release|Any CPU
		{D44FAE1E-1C65-479A-9E0E-D4B9D88801BF}.Release|Any CPU.Build.0 = Release|Any CPU
		{0F5C1520-9DA3-488C-A36D-28312B32A6E9}.Debug|Any CPU.ActiveCfg = Debug|Any CPU
		{0F5C1520-9DA3-488C-A36D-28312B32A6E9}.Debug|Any CPU.Build.0 = Debug|Any CPU
		{0F5C1520-9DA3-488C-A36D-28312B32A6E9}.Release|Any CPU.ActiveCfg = Release|Any CPU
		{0F5C1520-9DA3-488C-A36D-28312B32A6E9}.Release|Any CPU.Build.0 = Release|Any CPU
		{ADD8912F-663D-4FB6-9096-7068A23CFFFC}.Debug|Any CPU.ActiveCfg = Debug|Any CPU
		{ADD8912F-663D-4FB6-9096-7068A23CFFFC}.Debug|Any CPU.Build.0 = Debug|Any CPU
		{ADD8912F-663D-4FB6-9096-7068A23CFFFC}.Release|Any CPU.ActiveCfg = Release|Any CPU
		{ADD8912F-663D-4FB6-9096-7068A23CFFFC}.Release|Any CPU.Build.0 = Release|Any CPU
		{F63A1F0A-6CC9-4910-B5D8-0DBED2571162}.Debug|Any CPU.ActiveCfg = Debug|Any CPU
		{F63A1F0A-6CC9-4910-B5D8-0DBED2571162}.Debug|Any CPU.Build.0 = Debug|Any CPU
		{F63A1F0A-6CC9-4910-B5D8-0DBED2571162}.Release|Any CPU.ActiveCfg = Release|Any CPU
		{F63A1F0A-6CC9-4910-B5D8-0DBED2571162}.Release|Any CPU.Build.0 = Release|Any CPU
		{330C5F51-5D20-435A-9D45-7DA0502866FE}.Debug|Any CPU.ActiveCfg = Debug|Any CPU
		{330C5F51-5D20-435A-9D45-7DA0502866FE}.Debug|Any CPU.Build.0 = Debug|Any CPU
		{330C5F51-5D20-435A-9D45-7DA0502866FE}.Release|Any CPU.ActiveCfg = Release|Any CPU
		{330C5F51-5D20-435A-9D45-7DA0502866FE}.Release|Any CPU.Build.0 = Release|Any CPU
		{2B1849DB-A571-4846-9F80-41D73D93ABF7}.Debug|Any CPU.ActiveCfg = Debug|Any CPU
		{2B1849DB-A571-4846-9F80-41D73D93ABF7}.Debug|Any CPU.Build.0 = Debug|Any CPU
		{2B1849DB-A571-4846-9F80-41D73D93ABF7}.Release|Any CPU.ActiveCfg = Release|Any CPU
		{2B1849DB-A571-4846-9F80-41D73D93ABF7}.Release|Any CPU.Build.0 = Release|Any CPU
		{C4444391-9BD1-4147-98E5-7F69935565CA}.Debug|Any CPU.ActiveCfg = Debug|Any CPU
		{C4444391-9BD1-4147-98E5-7F69935565CA}.Debug|Any CPU.Build.0 = Debug|Any CPU
		{C4444391-9BD1-4147-98E5-7F69935565CA}.Release|Any CPU.ActiveCfg = Release|Any CPU
		{C4444391-9BD1-4147-98E5-7F69935565CA}.Release|Any CPU.Build.0 = Release|Any CPU
		{5B2A518C-0237-44D1-BD60-6EAC5EDE0EAE}.Debug|Any CPU.ActiveCfg = Debug|Any CPU
		{5B2A518C-0237-44D1-BD60-6EAC5EDE0EAE}.Debug|Any CPU.Build.0 = Debug|Any CPU
		{5B2A518C-0237-44D1-BD60-6EAC5EDE0EAE}.Release|Any CPU.ActiveCfg = Release|Any CPU
		{5B2A518C-0237-44D1-BD60-6EAC5EDE0EAE}.Release|Any CPU.Build.0 = Release|Any CPU
		{2A8B0C1B-976A-4E87-BF00-4860C36D6C11}.Debug|Any CPU.ActiveCfg = Debug|Any CPU
		{2A8B0C1B-976A-4E87-BF00-4860C36D6C11}.Debug|Any CPU.Build.0 = Debug|Any CPU
		{2A8B0C1B-976A-4E87-BF00-4860C36D6C11}.Release|Any CPU.ActiveCfg = Release|Any CPU
		{2A8B0C1B-976A-4E87-BF00-4860C36D6C11}.Release|Any CPU.Build.0 = Release|Any CPU
		{1C650088-2CFA-40AA-862C-CC2460E1FB5F}.Debug|Any CPU.ActiveCfg = Debug|Any CPU
		{1C650088-2CFA-40AA-862C-CC2460E1FB5F}.Debug|Any CPU.Build.0 = Debug|Any CPU
		{1C650088-2CFA-40AA-862C-CC2460E1FB5F}.Release|Any CPU.ActiveCfg = Release|Any CPU
		{1C650088-2CFA-40AA-862C-CC2460E1FB5F}.Release|Any CPU.Build.0 = Release|Any CPU
		{003EE5FA-265A-4202-ABF5-243F4421AF55}.Debug|Any CPU.ActiveCfg = Debug|Any CPU
		{003EE5FA-265A-4202-ABF5-243F4421AF55}.Debug|Any CPU.Build.0 = Debug|Any CPU
		{003EE5FA-265A-4202-ABF5-243F4421AF55}.Release|Any CPU.ActiveCfg = Release|Any CPU
		{003EE5FA-265A-4202-ABF5-243F4421AF55}.Release|Any CPU.Build.0 = Release|Any CPU
		{541FA1A9-3C1B-4C72-9405-E058F7E2AB40}.Debug|Any CPU.ActiveCfg = Debug|Any CPU
		{541FA1A9-3C1B-4C72-9405-E058F7E2AB40}.Debug|Any CPU.Build.0 = Debug|Any CPU
		{541FA1A9-3C1B-4C72-9405-E058F7E2AB40}.Release|Any CPU.ActiveCfg = Release|Any CPU
		{541FA1A9-3C1B-4C72-9405-E058F7E2AB40}.Release|Any CPU.Build.0 = Release|Any CPU
		{F131E3B6-D053-4864-9930-CFD4598E4813}.Debug|Any CPU.ActiveCfg = Debug|Any CPU
		{F131E3B6-D053-4864-9930-CFD4598E4813}.Debug|Any CPU.Build.0 = Debug|Any CPU
		{F131E3B6-D053-4864-9930-CFD4598E4813}.Release|Any CPU.ActiveCfg = Release|Any CPU
		{F131E3B6-D053-4864-9930-CFD4598E4813}.Release|Any CPU.Build.0 = Release|Any CPU
	EndGlobalSection
	GlobalSection(SolutionProperties) = preSolution
		HideSolutionNode = FALSE
	EndGlobalSection
	GlobalSection(NestedProjects) = preSolution
		{D7F1D385-3CD5-4433-BFE3-F1D03602CC96} = {2E097DD9-4222-4914-B1DD-DE58E75E3E25}
		{B7D85E8F-E025-45BA-A57A-413151F77763} = {2E097DD9-4222-4914-B1DD-DE58E75E3E25}
		{65CB6896-60DD-4BAD-BD7C-10D70AECA010} = {3FCAACF5-456C-4557-9CDA-368A873A5735}
		{F4363E6C-4BA7-4748-8C25-CB30D6283EF8} = {2E097DD9-4222-4914-B1DD-DE58E75E3E25}
		{F96F138F-DB59-4334-B8DF-9B2B4E316204} = {3FCAACF5-456C-4557-9CDA-368A873A5735}
		{0A1C174E-BB0E-47EF-8A6C-76A5C0624E3B} = {2E097DD9-4222-4914-B1DD-DE58E75E3E25}
		{5DAFCF1A-047D-41FF-BDCE-849CB072CB0D} = {2E097DD9-4222-4914-B1DD-DE58E75E3E25}
		{1404D5AE-C882-45ED-9A72-17A8C78BAC5D} = {2E097DD9-4222-4914-B1DD-DE58E75E3E25}
		{3322DD3B-EBA2-413D-B861-661AB7F33336} = {594A99DE-E54F-42B6-B089-695315CC4104}
		{9FB50366-B8C3-4934-8E83-732EBC65E361} = {594A99DE-E54F-42B6-B089-695315CC4104}
		{4B81034B-FD19-4245-8B1A-C9F561BF64F0} = {594A99DE-E54F-42B6-B089-695315CC4104}
		{3E75F382-66B6-4FED-A35D-54654103325B} = {594A99DE-E54F-42B6-B089-695315CC4104}
		{F9002F0E-7EF6-4B4B-AF16-D4C9A1BBA1CC} = {594A99DE-E54F-42B6-B089-695315CC4104}
		{E6B97F3D-1317-4166-AB99-6F5CFFAABB94} = {053689B4-E99B-47AC-BDFB-279F2B724EC5}
		{803B74BB-AD93-41B0-A9BF-60A02CD1428D} = {053689B4-E99B-47AC-BDFB-279F2B724EC5}
		{0CE65C2B-7D63-4602-AD02-F7005181AA87} = {053689B4-E99B-47AC-BDFB-279F2B724EC5}
		{8EA497A3-1511-4AE3-880A-661FDF118DC7} = {053689B4-E99B-47AC-BDFB-279F2B724EC5}
		{F9D58B2F-E44C-4EE6-BFCE-64A143736B93} = {053689B4-E99B-47AC-BDFB-279F2B724EC5}
		{1226F06D-0A4C-455D-AA8B-5D7BE9C162A7} = {594A99DE-E54F-42B6-B089-695315CC4104}
		{EA43AF02-6BDA-4ED4-B729-FA5664A81660} = {053689B4-E99B-47AC-BDFB-279F2B724EC5}
		{D44FAE1E-1C65-479A-9E0E-D4B9D88801BF} = {053689B4-E99B-47AC-BDFB-279F2B724EC5}
		{0F5C1520-9DA3-488C-A36D-28312B32A6E9} = {C9623924-CC21-417D-9EA0-2B4ED3CB50E9}
		{ADD8912F-663D-4FB6-9096-7068A23CFFFC} = {C9623924-CC21-417D-9EA0-2B4ED3CB50E9}
		{F63A1F0A-6CC9-4910-B5D8-0DBED2571162} = {C9623924-CC21-417D-9EA0-2B4ED3CB50E9}
		{330C5F51-5D20-435A-9D45-7DA0502866FE} = {D5F14CF7-D505-4FDE-8259-25321ECAAB41}
		{2B1849DB-A571-4846-9F80-41D73D93ABF7} = {D5F14CF7-D505-4FDE-8259-25321ECAAB41}
		{C4444391-9BD1-4147-98E5-7F69935565CA} = {D5F14CF7-D505-4FDE-8259-25321ECAAB41}
		{5B2A518C-0237-44D1-BD60-6EAC5EDE0EAE} = {D5F14CF7-D505-4FDE-8259-25321ECAAB41}
		{2A8B0C1B-976A-4E87-BF00-4860C36D6C11} = {D5F14CF7-D505-4FDE-8259-25321ECAAB41}
		{1C650088-2CFA-40AA-862C-CC2460E1FB5F} = {D5F14CF7-D505-4FDE-8259-25321ECAAB41}
		{003EE5FA-265A-4202-ABF5-243F4421AF55} = {D5F14CF7-D505-4FDE-8259-25321ECAAB41}
		{541FA1A9-3C1B-4C72-9405-E058F7E2AB40} = {D5F14CF7-D505-4FDE-8259-25321ECAAB41}
		{F131E3B6-D053-4864-9930-CFD4598E4813} = {6316ED22-2480-4A5A-BB5A-D3F9224C5A64}
	EndGlobalSection
EndGlobal
